# This file is automatically @generated by Cargo.
# It is not intended for manual editing.
version = 3

[[package]]
name = "loxrust"
version = "0.1.0"
dependencies = [
 "loxrustlib",
]

[[package]]
name = "loxrust_workspace"
version = "0.1.0"
dependencies = [
 "loxrustlib",
]

[[package]]
name = "loxrustlib"
version = "0.1.0"
